
Microsoft Visual Studio Solution File, Format Version 12.00
# Visual Studio Version 17
VisualStudioVersion = 17.5.33530.505
MinimumVisualStudioVersion = 10.0.40219.1
Project("{8BC9CEB8-8B4A-11D0-8D11-00A0C91BC942}") = "GE3_myGameEngine", "GE3_myGameEngine.vcxproj", "{7785DE9B-CEE9-4C6E-AEFE-6C37C38E81C5}"
EndProject
Global
	GlobalSection(SolutionConfigurationPlatforms) = preSolution
		Debug|x64 = Debug|x64
		Debug|x86 = Debug|x86
		Release|x64 = Release|x64
		Release|x86 = Release|x86
	EndGlobalSection
	GlobalSection(ProjectConfigurationPlatforms) = postSolution
		{7785DE9B-CEE9-4C6E-AEFE-6C37C38E81C5}.Debug|x64.ActiveCfg = Debug|x64
		{7785DE9B-CEE9-4C6E-AEFE-6C37C38E81C5}.Debug|x64.Build.0 = Debug|x64
		{7785DE9B-CEE9-4C6E-AEFE-6C37C38E81C5}.Debug|x86.ActiveCfg = Debug|Win32
		{7785DE9B-CEE9-4C6E-AEFE-6C37C38E81C5}.Debug|x86.Build.0 = Debug|Win32
		{7785DE9B-CEE9-4C6E-AEFE-6C37C38E81C5}.Release|x64.ActiveCfg = Release|x64
		{7785DE9B-CEE9-4C6E-AEFE-6C37C38E81C5}.Release|x64.Build.0 = Release|x64
		{7785DE9B-CEE9-4C6E-AEFE-6C37C38E81C5}.Release|x86.ActiveCfg = Release|Win32
		{7785DE9B-CEE9-4C6E-AEFE-6C37C38E81C5}.Release|x86.Build.0 = Release|Win32
	EndGlobalSection
	GlobalSection(SolutionProperties) = preSolution
		HideSolutionNode = FALSE
	EndGlobalSection
	GlobalSection(ExtensibilityGlobals) = postSolution
		SolutionGuid = {D82BFA02-BA9C-42B0-9315-8FBE87B7AA07}
	EndGlobalSection
EndGlobal
